lockfileVersion: '6.0'

settings:
  autoInstallPeers: true
  excludeLinksFromLockfile: false

devDependencies:
  turborepo:
    specifier: ^0.0.1
    version: 0.0.1

packages:

  /turborepo@0.0.1:
    resolution: {integrity: sha512-x+4Q9iy252nr6zuU/TvQIF4na8OVLe2pBTwTJKA/aTPzdR4W8q0uhEj/U69G09IznNDjMg8jXG2nm9gan4KQ1g==}
    dev: true
